
Microsoft Visual Studio Solution File, Format Version 12.00
# Visual Studio Version 17
VisualStudioVersion = 17.3.32901.215
MinimumVisualStudioVersion = 10.0.40219.1
Project("{FAE04EC0-301F-11D3-BF4B-00C04F79EFBC}") = "WebAPIGiorgia", "WebAPIGiorgia.csproj", "{7143241C-64C0-4FD5-9B04-B178F871663D}"
EndProject
Project("{FAE04EC0-301F-11D3-BF4B-00C04F79EFBC}") = "GiorgiaMAUI_Lab11", "..\GiorgiaMAUI_Lab11\GiorgiaMAUI_Lab11.csproj", "{15EFBFF7-0A97-4531-AED5-79BAD490600F}"
EndProject
Global
	GlobalSection(SolutionConfigurationPlatforms) = preSolution
		Debug|Any CPU = Debug|Any CPU
		Release|Any CPU = Release|Any CPU
	EndGlobalSection
	GlobalSection(ProjectConfigurationPlatforms) = postSolution
		{7143241C-64C0-4FD5-9B04-B178F871663D}.Debug|Any CPU.ActiveCfg = Debug|Any CPU
		{7143241C-64C0-4FD5-9B04-B178F871663D}.Debug|Any CPU.Build.0 = Debug|Any CPU
		{7143241C-64C0-4FD5-9B04-B178F871663D}.Release|Any CPU.ActiveCfg = Release|Any CPU
		{7143241C-64C0-4FD5-9B04-B178F871663D}.Release|Any CPU.Build.0 = Release|Any CPU
		{15EFBFF7-0A97-4531-AED5-79BAD490600F}.Debug|Any CPU.ActiveCfg = Debug|Any CPU
		{15EFBFF7-0A97-4531-AED5-79BAD490600F}.Debug|Any CPU.Build.0 = Debug|Any CPU
		{15EFBFF7-0A97-4531-AED5-79BAD490600F}.Debug|Any CPU.Deploy.0 = Debug|Any CPU
		{15EFBFF7-0A97-4531-AED5-79BAD490600F}.Release|Any CPU.ActiveCfg = Release|Any CPU
		{15EFBFF7-0A97-4531-AED5-79BAD490600F}.Release|Any CPU.Build.0 = Release|Any CPU
		{15EFBFF7-0A97-4531-AED5-79BAD490600F}.Release|Any CPU.Deploy.0 = Release|Any CPU
	EndGlobalSection
	GlobalSection(SolutionProperties) = preSolution
		HideSolutionNode = FALSE
	EndGlobalSection
	GlobalSection(ExtensibilityGlobals) = postSolution
		SolutionGuid = {73940C16-1812-4460-BA2F-F779B4D879F3}
	EndGlobalSection
EndGlobal
